
Microsoft Visual Studio Solution File, Format Version 12.00
# Visual Studio 15
VisualStudioVersion = 15.0.28307.645
MinimumVisualStudioVersion = 10.0.40219.1
Project("{8BC9CEB8-8B4A-11D0-8D11-00A0C91BC942}") = "AntiVirusCleint", "AntiVirusCleint\AntiVirusCleint.vcxproj", "{1429FC01-6FA3-4291-A68A-4D9F7AB83C2F}"
EndProject
Global
	GlobalSection(SolutionConfigurationPlatforms) = preSolution
		Debug|x64 = Debug|x64
		Debug|x86 = Debug|x86
		Release|x64 = Release|x64
		Release|x86 = Release|x86
	EndGlobalSection
	GlobalSection(ProjectConfigurationPlatforms) = postSolution
		{1429FC01-6FA3-4291-A68A-4D9F7AB83C2F}.Debug|x64.ActiveCfg = Debug|x64
		{1429FC01-6FA3-4291-A68A-4D9F7AB83C2F}.Debug|x64.Build.0 = Debug|x64
		{1429FC01-6FA3-4291-A68A-4D9F7AB83C2F}.Debug|x86.ActiveCfg = Debug|Win32
		{1429FC01-6FA3-4291-A68A-4D9F7AB83C2F}.Debug|x86.Build.0 = Debug|Win32
		{1429FC01-6FA3-4291-A68A-4D9F7AB83C2F}.Release|x64.ActiveCfg = Release|x64
		{1429FC01-6FA3-4291-A68A-4D9F7AB83C2F}.Release|x64.Build.0 = Release|x64
		{1429FC01-6FA3-4291-A68A-4D9F7AB83C2F}.Release|x86.ActiveCfg = Release|Win32
		{1429FC01-6FA3-4291-A68A-4D9F7AB83C2F}.Release|x86.Build.0 = Release|Win32
	EndGlobalSection
	GlobalSection(SolutionProperties) = preSolution
		HideSolutionNode = FALSE
	EndGlobalSection
	GlobalSection(ExtensibilityGlobals) = postSolution
		SolutionGuid = {E63F9DA0-3EC2-4320-9ED6-6B67695A5EDB}
	EndGlobalSection
EndGlobal
